
Microsoft Visual Studio Solution File, Format Version 12.00
# Visual Studio Version 17
VisualStudioVersion = 17.4.33205.214
MinimumVisualStudioVersion = 10.0.40219.1
Project("{FAE04EC0-301F-11D3-BF4B-00C04F79EFBC}") = "Assignment4", "Assignment4\Assignment4.csproj", "{C6903A1C-CE3E-44E9-ADC2-E26AE97C13C6}"
EndProject
Global
	GlobalSection(SolutionConfigurationPlatforms) = preSolution
		Debug|Any CPU = Debug|Any CPU
		Release|Any CPU = Release|Any CPU
	EndGlobalSection
	GlobalSection(ProjectConfigurationPlatforms) = postSolution
		{C6903A1C-CE3E-44E9-ADC2-E26AE97C13C6}.Debug|Any CPU.ActiveCfg = Debug|Any CPU
		{C6903A1C-CE3E-44E9-ADC2-E26AE97C13C6}.Debug|Any CPU.Build.0 = Debug|Any CPU
		{C6903A1C-CE3E-44E9-ADC2-E26AE97C13C6}.Release|Any CPU.ActiveCfg = Release|Any CPU
		{C6903A1C-CE3E-44E9-ADC2-E26AE97C13C6}.Release|Any CPU.Build.0 = Release|Any CPU
	EndGlobalSection
	GlobalSection(SolutionProperties) = preSolution
		HideSolutionNode = FALSE
	EndGlobalSection
	GlobalSection(ExtensibilityGlobals) = postSolution
		SolutionGuid = {E5BA85D0-451B-477A-99FC-E526550100B6}
	EndGlobalSection
EndGlobal
