
Microsoft Visual Studio Solution File, Format Version 12.00
# Visual Studio Version 17
VisualStudioVersion = 17.4.33205.214
MinimumVisualStudioVersion = 10.0.40219.1
Project("{FAE04EC0-301F-11D3-BF4B-00C04F79EFBC}") = "ModelValidationsExample", "ModelValidationsExample\ModelValidationsExample.csproj", "{E2CAAF1F-B76E-4FC8-95DF-FCBEAF9229F9}"
EndProject
Global
	GlobalSection(SolutionConfigurationPlatforms) = preSolution
		Debug|Any CPU = Debug|Any CPU
		Release|Any CPU = Release|Any CPU
	EndGlobalSection
	GlobalSection(ProjectConfigurationPlatforms) = postSolution
		{E2CAAF1F-B76E-4FC8-95DF-FCBEAF9229F9}.Debug|Any CPU.ActiveCfg = Debug|Any CPU
		{E2CAAF1F-B76E-4FC8-95DF-FCBEAF9229F9}.Debug|Any CPU.Build.0 = Debug|Any CPU
		{E2CAAF1F-B76E-4FC8-95DF-FCBEAF9229F9}.Release|Any CPU.ActiveCfg = Release|Any CPU
		{E2CAAF1F-B76E-4FC8-95DF-FCBEAF9229F9}.Release|Any CPU.Build.0 = Release|Any CPU
	EndGlobalSection
	GlobalSection(SolutionProperties) = preSolution
		HideSolutionNode = FALSE
	EndGlobalSection
	GlobalSection(ExtensibilityGlobals) = postSolution
		SolutionGuid = {34DC509E-FC8C-485E-839E-6192507EDAE9}
	EndGlobalSection
EndGlobal
