
Microsoft Visual Studio Solution File, Format Version 12.00
# Visual Studio Version 17
VisualStudioVersion = 17.4.33205.214
MinimumVisualStudioVersion = 10.0.40219.1
Project("{FAE04EC0-301F-11D3-BF4B-00C04F79EFBC}") = "StaticFileExample", "StaticFileExample\StaticFileExample.csproj", "{9F13E680-218C-4AC1-BD22-940BB5C5D56D}"
EndProject
Global
	GlobalSection(SolutionConfigurationPlatforms) = preSolution
		Debug|Any CPU = Debug|Any CPU
		Release|Any CPU = Release|Any CPU
	EndGlobalSection
	GlobalSection(ProjectConfigurationPlatforms) = postSolution
		{9F13E680-218C-4AC1-BD22-940BB5C5D56D}.Debug|Any CPU.ActiveCfg = Debug|Any CPU
		{9F13E680-218C-4AC1-BD22-940BB5C5D56D}.Debug|Any CPU.Build.0 = Debug|Any CPU
		{9F13E680-218C-4AC1-BD22-940BB5C5D56D}.Release|Any CPU.ActiveCfg = Release|Any CPU
		{9F13E680-218C-4AC1-BD22-940BB5C5D56D}.Release|Any CPU.Build.0 = Release|Any CPU
	EndGlobalSection
	GlobalSection(SolutionProperties) = preSolution
		HideSolutionNode = FALSE
	EndGlobalSection
	GlobalSection(ExtensibilityGlobals) = postSolution
		SolutionGuid = {5F7260FE-B2BD-410C-A5AD-1414A85A2677}
	EndGlobalSection
EndGlobal
