
Microsoft Visual Studio Solution File, Format Version 12.00
# Visual Studio Version 17
VisualStudioVersion = 17.4.33205.214
MinimumVisualStudioVersion = 10.0.40219.1
Project("{FAE04EC0-301F-11D3-BF4B-00C04F79EFBC}") = "IActionResultExample", "IActionResultExample\IActionResultExample.csproj", "{7A5BAD54-2A07-4E29-B7E4-72BD23F33469}"
EndProject
Global
	GlobalSection(SolutionConfigurationPlatforms) = preSolution
		Debug|Any CPU = Debug|Any CPU
		Release|Any CPU = Release|Any CPU
	EndGlobalSection
	GlobalSection(ProjectConfigurationPlatforms) = postSolution
		{7A5BAD54-2A07-4E29-B7E4-72BD23F33469}.Debug|Any CPU.ActiveCfg = Debug|Any CPU
		{7A5BAD54-2A07-4E29-B7E4-72BD23F33469}.Debug|Any CPU.Build.0 = Debug|Any CPU
		{7A5BAD54-2A07-4E29-B7E4-72BD23F33469}.Release|Any CPU.ActiveCfg = Release|Any CPU
		{7A5BAD54-2A07-4E29-B7E4-72BD23F33469}.Release|Any CPU.Build.0 = Release|Any CPU
	EndGlobalSection
	GlobalSection(SolutionProperties) = preSolution
		HideSolutionNode = FALSE
	EndGlobalSection
	GlobalSection(ExtensibilityGlobals) = postSolution
		SolutionGuid = {378099B7-695A-4CB6-91CB-3444EEA7AE28}
	EndGlobalSection
EndGlobal
