
Microsoft Visual Studio Solution File, Format Version 12.00
# Visual Studio Version 17
VisualStudioVersion = 17.4.33205.214
MinimumVisualStudioVersion = 10.0.40219.1
Project("{FAE04EC0-301F-11D3-BF4B-00C04F79EFBC}") = "PartialViewsExample", "PartialViewsExample\PartialViewsExample.csproj", "{939FCF6F-9427-477B-8DAD-CE703A9AF8BD}"
EndProject
Global
	GlobalSection(SolutionConfigurationPlatforms) = preSolution
		Debug|Any CPU = Debug|Any CPU
		Release|Any CPU = Release|Any CPU
	EndGlobalSection
	GlobalSection(ProjectConfigurationPlatforms) = postSolution
		{939FCF6F-9427-477B-8DAD-CE703A9AF8BD}.Debug|Any CPU.ActiveCfg = Debug|Any CPU
		{939FCF6F-9427-477B-8DAD-CE703A9AF8BD}.Debug|Any CPU.Build.0 = Debug|Any CPU
		{939FCF6F-9427-477B-8DAD-CE703A9AF8BD}.Release|Any CPU.ActiveCfg = Release|Any CPU
		{939FCF6F-9427-477B-8DAD-CE703A9AF8BD}.Release|Any CPU.Build.0 = Release|Any CPU
	EndGlobalSection
	GlobalSection(SolutionProperties) = preSolution
		HideSolutionNode = FALSE
	EndGlobalSection
	GlobalSection(ExtensibilityGlobals) = postSolution
		SolutionGuid = {4FE99429-5555-473C-BA55-9F7A2D829D98}
	EndGlobalSection
EndGlobal
